lockfileVersion: '9.0'

settings:
  autoInstallPeers: true
  excludeLinksFromLockfile: false

importers:

  .:
    dependencies:
      '@tfkonf/core':
        specifier: ^0.2.0
        version: 0.2.0
    devDependencies:
      typescript:
        specifier: 5.7.2
        version: 5.7.2

packages:

  '@tfkonf/core@0.2.0':
    resolution: {integrity: sha512-Q+dDKqMGtWb8y6nVxbSoh0d9H8UR/6b/QfMu39UbpEYmpl6Ed6kd1+ocVHWWVODuppx5gK/GVnNs8/rQ1UZr/A==}

  typescript@5.7.2:
    resolution: {integrity: sha512-i5t66RHxDvVN40HfDd1PsEThGNnlMCMT3jMUuoh9/0TaqWevNontacunWyN02LA9/fIbEWlcHZcgTKb9QoaLfg==}
    engines: {node: '>=14.17'}
    hasBin: true

snapshots:

  '@tfkonf/core@0.2.0': {}

  typescript@5.7.2: {}
