lockfileVersion: '9.0'

settings:
  autoInstallPeers: true
  excludeLinksFromLockfile: false

importers:

  .:
    dependencies:
      '@tfkonf/core':
        specifier: ^0.2.1
        version: 0.2.1
    devDependencies:
      typescript:
        specifier: 5.7.2
        version: 5.7.2

packages:

  '@tfkonf/core@0.2.1':
    resolution: {integrity: sha512-qJMtToEhm3ap7rYiHQamW8G7HclvvRthF7usY33ysLWigzeb1Wml7r49jYPgzFDtqkIkNeMtmWMFF35FM+w+Zw==}

  typescript@5.7.2:
    resolution: {integrity: sha512-i5t66RHxDvVN40HfDd1PsEThGNnlMCMT3jMUuoh9/0TaqWevNontacunWyN02LA9/fIbEWlcHZcgTKb9QoaLfg==}
    engines: {node: '>=14.17'}
    hasBin: true

snapshots:

  '@tfkonf/core@0.2.1': {}

  typescript@5.7.2: {}
